
Microsoft Visual Studio Solution File, Format Version 12.00
# Visual Studio Version 17
VisualStudioVersion = 17.6.33723.286
MinimumVisualStudioVersion = 10.0.40219.1
Project("{FAE04EC0-301F-11D3-BF4B-00C04F79EFBC}") = "Test Maximum Using Generics", "Test Maximum Using Generics.csproj", "{6014DBDE-4222-4095-9434-39A19918D8AF}"
EndProject
Global
	GlobalSection(SolutionConfigurationPlatforms) = preSolution
		Debug|Any CPU = Debug|Any CPU
		Release|Any CPU = Release|Any CPU
	EndGlobalSection
	GlobalSection(ProjectConfigurationPlatforms) = postSolution
		{6014DBDE-4222-4095-9434-39A19918D8AF}.Debug|Any CPU.ActiveCfg = Debug|Any CPU
		{6014DBDE-4222-4095-9434-39A19918D8AF}.Debug|Any CPU.Build.0 = Debug|Any CPU
		{6014DBDE-4222-4095-9434-39A19918D8AF}.Release|Any CPU.ActiveCfg = Release|Any CPU
		{6014DBDE-4222-4095-9434-39A19918D8AF}.Release|Any CPU.Build.0 = Release|Any CPU
	EndGlobalSection
	GlobalSection(SolutionProperties) = preSolution
		HideSolutionNode = FALSE
	EndGlobalSection
	GlobalSection(ExtensibilityGlobals) = postSolution
		SolutionGuid = {600EF152-400F-49CA-A747-7D7A88898437}
	EndGlobalSection
EndGlobal
